Microsoft Visual Studio Solution File, Format Version 12.00
# Visual Studio Version 17
VisualStudioVersion = 17.0.31903.59
MinimumVisualStudioVersion = 10.0.40219.1
Project("{FAE04EC0-301F-11D3-BF4B-00C04F79EFBC}") = "CellLogic", "CellLogic\CellLogic.csproj", "{3461C919-2BC9-499E-B110-9339AF073437}"
EndProject
Project("{FAE04EC0-301F-11D3-BF4B-00C04F79EFBC}") = "CellTesting", "CellTesting\CellTesting.csproj", "{7849555E-F70D-4687-8B73-21BCE3AB8079}"
EndProject
Project("{FAE04EC0-301F-11D3-BF4B-00C04F79EFBC}") = "Gui", "Gui\Gui.csproj", "{59B51541-E436-49D3-9E5F-8C8D140FE6E0}"
EndProject
Global
	GlobalSection(SolutionConfigurationPlatforms) = preSolution
		Debug|Any CPU = Debug|Any CPU
		Release|Any CPU = Release|Any CPU
	EndGlobalSection
	GlobalSection(SolutionProperties) = preSolution
		HideSolutionNode = FALSE
	EndGlobalSection
	GlobalSection(ProjectConfigurationPlatforms) = postSolution
		{3461C919-2BC9-499E-B110-9339AF073437}.Debug|Any CPU.ActiveCfg = Debug|Any CPU
		{3461C919-2BC9-499E-B110-9339AF073437}.Debug|Any CPU.Build.0 = Debug|Any CPU
		{3461C919-2BC9-499E-B110-9339AF073437}.Release|Any CPU.ActiveCfg = Release|Any CPU
		{3461C919-2BC9-499E-B110-9339AF073437}.Release|Any CPU.Build.0 = Release|Any CPU
		{7849555E-F70D-4687-8B73-21BCE3AB8079}.Debug|Any CPU.ActiveCfg = Debug|Any CPU
		{7849555E-F70D-4687-8B73-21BCE3AB8079}.Debug|Any CPU.Build.0 = Debug|Any CPU
		{7849555E-F70D-4687-8B73-21BCE3AB8079}.Release|Any CPU.ActiveCfg = Release|Any CPU
		{7849555E-F70D-4687-8B73-21BCE3AB8079}.Release|Any CPU.Build.0 = Release|Any CPU
		{59B51541-E436-49D3-9E5F-8C8D140FE6E0}.Debug|Any CPU.ActiveCfg = Debug|Any CPU
		{59B51541-E436-49D3-9E5F-8C8D140FE6E0}.Debug|Any CPU.Build.0 = Debug|Any CPU
		{59B51541-E436-49D3-9E5F-8C8D140FE6E0}.Release|Any CPU.ActiveCfg = Release|Any CPU
		{59B51541-E436-49D3-9E5F-8C8D140FE6E0}.Release|Any CPU.Build.0 = Release|Any CPU
	EndGlobalSection
EndGlobal
